schema_version: 1
source: shaders/rounded_effect.hlsl
sha256: 68f7d70864a790b2e317f675d4700237f3d8cf9651db165426379b3bd41c2a18
hash_normalization: lf
instance_size_bytes: 112
entry_points:
  vertex: VSMain
  fragment: PSMain
artifacts:
  - rounded_effect.vertex.dxil
  - rounded_effect.fragment.dxil
  - rounded_effect.vertex.spv
  - rounded_effect.fragment.spv
  - rounded_effect.vertex.json
  - rounded_effect.fragment.json
