schema_version: 1
source: shaders/rounded_effect.hlsl
sha256: 82960538d368e698eddeff4aed5c5d77945ea0b88401937a020e0a49ad5bb293
hash_normalization: lf
instance_size_bytes: 112
entry_points:
  vertex: VSMain
  fragment: PSMain
artifacts:
  - rounded_effect.vertex.dxil
  - rounded_effect.fragment.dxil
  - rounded_effect.vertex.spv
  - rounded_effect.fragment.spv
  - rounded_effect.vertex.json
  - rounded_effect.fragment.json
